// !$*UTF8*$!
{
	archiveVersion = 1;
	classes = {
	};
	objectVersion = 50;
	objects = {

/* Begin PBXBuildFile section */
		C413E53621B02E4F00CDA22D /* HealthPoint_Sprite1.png in Resources */ = {isa = PBXBuildFile; fileRef = C413E53421B02E4F00CDA22D /* HealthPoint_Sprite1.png */; };
		C413E53721B02E4F00CDA22D /* HealthPoint_Sprite0.png in Resources */ = {isa = PBXBuildFile; fileRef = C413E53521B02E4F00CDA22D /* HealthPoint_Sprite0.png */; };
		C413E53C21B031AF00CDA22D /* DownArrow_Sprite0.png in Resources */ = {isa = PBXBuildFile; fileRef = C413E53821B031AF00CDA22D /* DownArrow_Sprite0.png */; };
		C413E53D21B031AF00CDA22D /* UpArrow_Sprite0.png in Resources */ = {isa = PBXBuildFile; fileRef = C413E53921B031AF00CDA22D /* UpArrow_Sprite0.png */; };
		C413E53E21B031AF00CDA22D /* LeftArrow_Sprite0.png in Resources */ = {isa = PBXBuildFile; fileRef = C413E53A21B031AF00CDA22D /* LeftArrow_Sprite0.png */; };
		C413E53F21B031AF00CDA22D /* RightArrow_Sprite0.png in Resources */ = {isa = PBXBuildFile; fileRef = C413E53B21B031AF00CDA22D /* RightArrow_Sprite0.png */; };
		C413E54221B03F1200CDA22D /* AButton_Sprite0.png in Resources */ = {isa = PBXBuildFile; fileRef = C413E54021B03F1200CDA22D /* AButton_Sprite0.png */; };
		C413E54321B03F1200CDA22D /* BButton_Sprite0.png in Resources */ = {isa = PBXBuildFile; fileRef = C413E54121B03F1200CDA22D /* BButton_Sprite0.png */; };
		C4CE7E3E21AFA52E00D0D60A /* Player_Sprite0.png in Resources */ = {isa = PBXBuildFile; fileRef = C4CE7E3021AFA52C00D0D60A /* Player_Sprite0.png */; };
		C4CE7E4021AFA52E00D0D60A /* Forest_Pit1.png in Resources */ = {isa = PBXBuildFile; fileRef = C4CE7E3221AFA52C00D0D60A /* Forest_Pit1.png */; };
		C4CE7E4121AFA52E00D0D60A /* Forest_Hedge3.png in Resources */ = {isa = PBXBuildFile; fileRef = C4CE7E3321AFA52C00D0D60A /* Forest_Hedge3.png */; };
		C4CE7E4221AFA52E00D0D60A /* Forest_Pit0.png in Resources */ = {isa = PBXBuildFile; fileRef = C4CE7E3421AFA52D00D0D60A /* Forest_Pit0.png */; };
		C4CE7E4321AFA52E00D0D60A /* Forest_Tile0.png in Resources */ = {isa = PBXBuildFile; fileRef = C4CE7E3521AFA52D00D0D60A /* Forest_Tile0.png */; };
		C4CE7E4421AFA52E00D0D60A /* Forest_Tile1.png in Resources */ = {isa = PBXBuildFile; fileRef = C4CE7E3621AFA52D00D0D60A /* Forest_Tile1.png */; };
		C4CE7E4521AFA52E00D0D60A /* Forest_wall2.png in Resources */ = {isa = PBXBuildFile; fileRef = C4CE7E3721AFA52D00D0D60A /* Forest_wall2.png */; };
		C4CE7E4621AFA52E00D0D60A /* Forest_Hedge2.png in Resources */ = {isa = PBXBuildFile; fileRef = C4CE7E3821AFA52D00D0D60A /* Forest_Hedge2.png */; };
		C4CE7E4721AFA52E00D0D60A /* Forest_wall0.png in Resources */ = {isa = PBXBuildFile; fileRef = C4CE7E3921AFA52D00D0D60A /* Forest_wall0.png */; };
		C4CE7E4821AFA52E00D0D60A /* Forest_Pit2.png in Resources */ = {isa = PBXBuildFile; fileRef = C4CE7E3A21AFA52D00D0D60A /* Forest_Pit2.png */; };
		C4CE7E4921AFA52E00D0D60A /* Forest_wall1.png in Resources */ = {isa = PBXBuildFile; fileRef = C4CE7E3B21AFA52E00D0D60A /* Forest_wall1.png */; };
		C4CE7E4A21AFA52E00D0D60A /* Slime_Enemy_Sprite0.png in Resources */ = {isa = PBXBuildFile; fileRef = C4CE7E3C21AFA52E00D0D60A /* Slime_Enemy_Sprite0.png */; };
		C4CE7E4B21AFA52E00D0D60A /* Forest_Hedge1.png in Resources */ = {isa = PBXBuildFile; fileRef = C4CE7E3D21AFA52E00D0D60A /* Forest_Hedge1.png */; };
		C4CE7E4F21AFB01400D0D60A /* Item_GoldBag.png in Resources */ = {isa = PBXBuildFile; fileRef = C4CE7E4E21AFB01400D0D60A /* Item_GoldBag.png */; };
		C4CE7E5121AFB04B00D0D60A /* Forest_Hedge0.png in Resources */ = {isa = PBXBuildFile; fileRef = C4CE7E5021AFB04B00D0D60A /* Forest_Hedge0.png */; };
		F54D5F5621A70F5E009563C1 /* Enemy.m in Sources */ = {isa = PBXBuildFile; fileRef = F54D5F5521A70F5E009563C1 /* Enemy.m */; };
		F5A7543A21AEFFC800CBA93C /* Ability.m in Sources */ = {isa = PBXBuildFile; fileRef = F5A7543921AEFFC800CBA93C /* Ability.m */; };
		F5ACE22A21A5BEF000B6DDF0 /* AppDelegate.m in Sources */ = {isa = PBXBuildFile; fileRef = F5ACE22921A5BEF000B6DDF0 /* AppDelegate.m */; };
		F5ACE22D21A5BEF000B6DDF0 /* GameViewController.m in Sources */ = {isa = PBXBuildFile; fileRef = F5ACE22C21A5BEF000B6DDF0 /* GameViewController.m */; };
		F5ACE23021A5BEF000B6DDF0 /* Main.storyboard in Resources */ = {isa = PBXBuildFile; fileRef = F5ACE22E21A5BEF000B6DDF0 /* Main.storyboard */; };
		F5ACE23221A5BEF100B6DDF0 /* Assets.xcassets in Resources */ = {isa = PBXBuildFile; fileRef = F5ACE23121A5BEF100B6DDF0 /* Assets.xcassets */; };
		F5ACE23521A5BEF100B6DDF0 /* LaunchScreen.storyboard in Resources */ = {isa = PBXBuildFile; fileRef = F5ACE23321A5BEF100B6DDF0 /* LaunchScreen.storyboard */; };
		F5ACE23821A5BEF100B6DDF0 /* main.m in Sources */ = {isa = PBXBuildFile; fileRef = F5ACE23721A5BEF100B6DDF0 /* main.m */; };
		F5ACE24221A5BEF100B6DDF0 /* Dungeon_CrawlerTests.m in Sources */ = {isa = PBXBuildFile; fileRef = F5ACE24121A5BEF100B6DDF0 /* Dungeon_CrawlerTests.m */; };
		F5ACE24D21A5BEF100B6DDF0 /* Dungeon_CrawlerUITests.m in Sources */ = {isa = PBXBuildFile; fileRef = F5ACE24C21A5BEF100B6DDF0 /* Dungeon_CrawlerUITests.m */; };
		F5ACE25B21A5C32100B6DDF0 /* Player.m in Sources */ = {isa = PBXBuildFile; fileRef = F5ACE25A21A5C32100B6DDF0 /* Player.m */; };
		F5ACE25E21A5C67D00B6DDF0 /* GameEngine.m in Sources */ = {isa = PBXBuildFile; fileRef = F5ACE25D21A5C67D00B6DDF0 /* GameEngine.m */; };
		F5ACE26221A5CBB700B6DDF0 /* Tile.m in Sources */ = {isa = PBXBuildFile; fileRef = F5ACE26121A5CBB700B6DDF0 /* Tile.m */; };
		F5ACE26521A5CE6C00B6DDF0 /* GameObject.m in Sources */ = {isa = PBXBuildFile; fileRef = F5ACE26421A5CE6C00B6DDF0 /* GameObject.m */; };
		F5ACE26821A5CF8400B6DDF0 /* Entity.m in Sources */ = {isa = PBXBuildFile; fileRef = F5ACE26721A5CF8400B6DDF0 /* Entity.m */; };
		F5BA87E421C065460095CB4C /* Levels.m in Sources */ = {isa = PBXBuildFile; fileRef = F5BA87E321C065460095CB4C /* Levels.m */; };
		F5BA87E721C06E150095CB4C /* level1.txt in Resources */ = {isa = PBXBuildFile; fileRef = F5BA87E621C06E150095CB4C /* level1.txt */; };
		F5BA87E921C0708B0095CB4C /* level2.txt in Resources */ = {isa = PBXBuildFile; fileRef = F5BA87E821C0708B0095CB4C /* level2.txt */; };
		F5BA87EB21C071050095CB4C /* level3.txt in Resources */ = {isa = PBXBuildFile; fileRef = F5BA87EA21C071050095CB4C /* level3.txt */; };
		F5C3232C21AD9B9C0067E5FB /* TileView.m in Sources */ = {isa = PBXBuildFile; fileRef = F5C3232B21AD9B9C0067E5FB /* TileView.m */; };
		F5C3232F21AD9F2C0067E5FB /* Grid.m in Sources */ = {isa = PBXBuildFile; fileRef = F5C3232E21AD9F2C0067E5FB /* Grid.m */; };
/* End PBXBuildFile section */

/* Begin PBXContainerItemProxy section */
		F5ACE23E21A5BEF100B6DDF0 /* PBXContainerItemProxy */ = {
			isa = PBXContainerItemProxy;
			containerPortal = F5ACE21D21A5BEF000B6DDF0 /* Project object */;
			proxyType = 1;
			remoteGlobalIDString = F5ACE22421A5BEF000B6DDF0;
			remoteInfo = "Dungeon Crawler";
		};
		F5ACE24921A5BEF100B6DDF0 /* PBXContainerItemProxy */ = {
			isa = PBXContainerItemProxy;
			containerPortal = F5ACE21D21A5BEF000B6DDF0 /* Project object */;
			proxyType = 1;
			remoteGlobalIDString = F5ACE22421A5BEF000B6DDF0;
			remoteInfo = "Dungeon Crawler";
		};
/* End PBXContainerItemProxy section */

/* Begin PBXFileReference section */
		C413E53421B02E4F00CDA22D /* HealthPoint_Sprite1.png */ = {isa = PBXFileReference; lastKnownFileType = image.png; path = HealthPoint_Sprite1.png; sourceTree = "<group>"; };
		C413E53521B02E4F00CDA22D /* HealthPoint_Sprite0.png */ = {isa = PBXFileReference; lastKnownFileType = image.png; path = HealthPoint_Sprite0.png; sourceTree = "<group>"; };
		C413E53821B031AF00CDA22D /* DownArrow_Sprite0.png */ = {isa = PBXFileReference; lastKnownFileType = image.png; path = DownArrow_Sprite0.png; sourceTree = "<group>"; };
		C413E53921B031AF00CDA22D /* UpArrow_Sprite0.png */ = {isa = PBXFileReference; lastKnownFileType = image.png; path = UpArrow_Sprite0.png; sourceTree = "<group>"; };
		C413E53A21B031AF00CDA22D /* LeftArrow_Sprite0.png */ = {isa = PBXFileReference; lastKnownFileType = image.png; path = LeftArrow_Sprite0.png; sourceTree = "<group>"; };
		C413E53B21B031AF00CDA22D /* RightArrow_Sprite0.png */ = {isa = PBXFileReference; lastKnownFileType = image.png; path = RightArrow_Sprite0.png; sourceTree = "<group>"; };
		C413E54021B03F1200CDA22D /* AButton_Sprite0.png */ = {isa = PBXFileReference; lastKnownFileType = image.png; path = AButton_Sprite0.png; sourceTree = "<group>"; };
		C413E54121B03F1200CDA22D /* BButton_Sprite0.png */ = {isa = PBXFileReference; lastKnownFileType = image.png; path = BButton_Sprite0.png; sourceTree = "<group>"; };
		C4CE7E3021AFA52C00D0D60A /* Player_Sprite0.png */ = {isa = PBXFileReference; lastKnownFileType = image.png; path = Player_Sprite0.png; sourceTree = "<group>"; };
		C4CE7E3221AFA52C00D0D60A /* Forest_Pit1.png */ = {isa = PBXFileReference; lastKnownFileType = image.png; path = Forest_Pit1.png; sourceTree = "<group>"; };
		C4CE7E3321AFA52C00D0D60A /* Forest_Hedge3.png */ = {isa = PBXFileReference; lastKnownFileType = image.png; path = Forest_Hedge3.png; sourceTree = "<group>"; };
		C4CE7E3421AFA52D00D0D60A /* Forest_Pit0.png */ = {isa = PBXFileReference; lastKnownFileType = image.png; path = Forest_Pit0.png; sourceTree = "<group>"; };
		C4CE7E3521AFA52D00D0D60A /* Forest_Tile0.png */ = {isa = PBXFileReference; lastKnownFileType = image.png; path = Forest_Tile0.png; sourceTree = "<group>"; };
		C4CE7E3621AFA52D00D0D60A /* Forest_Tile1.png */ = {isa = PBXFileReference; lastKnownFileType = image.png; path = Forest_Tile1.png; sourceTree = "<group>"; };
		C4CE7E3721AFA52D00D0D60A /* Forest_wall2.png */ = {isa = PBXFileReference; lastKnownFileType = image.png; path = Forest_wall2.png; sourceTree = "<group>"; };
		C4CE7E3821AFA52D00D0D60A /* Forest_Hedge2.png */ = {isa = PBXFileReference; lastKnownFileType = image.png; path = Forest_Hedge2.png; sourceTree = "<group>"; };
		C4CE7E3921AFA52D00D0D60A /* Forest_wall0.png */ = {isa = PBXFileReference; lastKnownFileType = image.png; path = Forest_wall0.png; sourceTree = "<group>"; };
		C4CE7E3A21AFA52D00D0D60A /* Forest_Pit2.png */ = {isa = PBXFileReference; lastKnownFileType = image.png; path = Forest_Pit2.png; sourceTree = "<group>"; };
		C4CE7E3B21AFA52E00D0D60A /* Forest_wall1.png */ = {isa = PBXFileReference; lastKnownFileType = image.png; path = Forest_wall1.png; sourceTree = "<group>"; };
		C4CE7E3C21AFA52E00D0D60A /* Slime_Enemy_Sprite0.png */ = {isa = PBXFileReference; lastKnownFileType = image.png; path = Slime_Enemy_Sprite0.png; sourceTree = "<group>"; };
		C4CE7E3D21AFA52E00D0D60A /* Forest_Hedge1.png */ = {isa = PBXFileReference; lastKnownFileType = image.png; path = Forest_Hedge1.png; sourceTree = "<group>"; };
		C4CE7E4E21AFB01400D0D60A /* Item_GoldBag.png */ = {isa = PBXFileReference; lastKnownFileType = image.png; path = Item_GoldBag.png; sourceTree = "<group>"; };
		C4CE7E5021AFB04B00D0D60A /* Forest_Hedge0.png */ = {isa = PBXFileReference; lastKnownFileType = image.png; path = Forest_Hedge0.png; sourceTree = "<group>"; };
		F54D5F5421A70F4D009563C1 /* Enemy.h */ = {isa = PBXFileReference; lastKnownFileType = sourcecode.c.h; path = Enemy.h; sourceTree = "<group>"; };
		F54D5F5521A70F5E009563C1 /* Enemy.m */ = {isa = PBXFileReference; lastKnownFileType = sourcecode.c.objc; path = Enemy.m; sourceTree = "<group>"; };
		F5A7543821AEFFB500CBA93C /* Ability.h */ = {isa = PBXFileReference; lastKnownFileType = sourcecode.c.h; path = Ability.h; sourceTree = "<group>"; };
		F5A7543921AEFFC800CBA93C /* Ability.m */ = {isa = PBXFileReference; lastKnownFileType = sourcecode.c.objc; path = Ability.m; sourceTree = "<group>"; };
		F5ACE22521A5BEF000B6DDF0 /* Dungeon Crawler.app */ = {isa = PBXFileReference; explicitFileType = wrapper.application; includeInIndex = 0; path = "Dungeon Crawler.app"; sourceTree = BUILT_PRODUCTS_DIR; };
		F5ACE22821A5BEF000B6DDF0 /* AppDelegate.h */ = {isa = PBXFileReference; lastKnownFileType = sourcecode.c.h; path = AppDelegate.h; sourceTree = "<group>"; };
		F5ACE22921A5BEF000B6DDF0 /* AppDelegate.m */ = {isa = PBXFileReference; lastKnownFileType = sourcecode.c.objc; path = AppDelegate.m; sourceTree = "<group>"; };
		F5ACE22B21A5BEF000B6DDF0 /* GameViewController.h */ = {isa = PBXFileReference; lastKnownFileType = sourcecode.c.h; path = GameViewController.h; sourceTree = "<group>"; };
		F5ACE22C21A5BEF000B6DDF0 /* GameViewController.m */ = {isa = PBXFileReference; lastKnownFileType = sourcecode.c.objc; path = GameViewController.m; sourceTree = "<group>"; };
		F5ACE22F21A5BEF000B6DDF0 /* Base */ = {isa = PBXFileReference; lastKnownFileType = file.storyboard; name = Base; path = Base.lproj/Main.storyboard; sourceTree = "<group>"; };
		F5ACE23121A5BEF100B6DDF0 /* Assets.xcassets */ = {isa = PBXFileReference; lastKnownFileType = folder.assetcatalog; path = Assets.xcassets; sourceTree = "<group>"; };
		F5ACE23421A5BEF100B6DDF0 /* Base */ = {isa = PBXFileReference; lastKnownFileType = file.storyboard; name = Base; path = Base.lproj/LaunchScreen.storyboard; sourceTree = "<group>"; };
		F5ACE23621A5BEF100B6DDF0 /* Info.plist */ = {isa = PBXFileReference; lastKnownFileType = text.plist.xml; path = Info.plist; sourceTree = "<group>"; };
		F5ACE23721A5BEF100B6DDF0 /* main.m */ = {isa = PBXFileReference; lastKnownFileType = sourcecode.c.objc; path = main.m; sourceTree = "<group>"; };
		F5ACE23D21A5BEF100B6DDF0 /* Dungeon CrawlerTests.xctest */ = {isa = PBXFileReference; explicitFileType = wrapper.cfbundle; includeInIndex = 0; path = "Dungeon CrawlerTests.xctest"; sourceTree = BUILT_PRODUCTS_DIR; };
		F5ACE24121A5BEF100B6DDF0 /* Dungeon_CrawlerTests.m */ = {isa = PBXFileReference; lastKnownFileType = sourcecode.c.objc; path = Dungeon_CrawlerTests.m; sourceTree = "<group>"; };
		F5ACE24321A5BEF100B6DDF0 /* Info.plist */ = {isa = PBXFileReference; lastKnownFileType = text.plist.xml; path = Info.plist; sourceTree = "<group>"; };
		F5ACE24821A5BEF100B6DDF0 /* Dungeon CrawlerUITests.xctest */ = {isa = PBXFileReference; explicitFileType = wrapper.cfbundle; includeInIndex = 0; path = "Dungeon CrawlerUITests.xctest"; sourceTree = BUILT_PRODUCTS_DIR; };
		F5ACE24C21A5BEF100B6DDF0 /* Dungeon_CrawlerUITests.m */ = {isa = PBXFileReference; lastKnownFileType = sourcecode.c.objc; path = Dungeon_CrawlerUITests.m; sourceTree = "<group>"; };
		F5ACE24E21A5BEF100B6DDF0 /* Info.plist */ = {isa = PBXFileReference; lastKnownFileType = text.plist.xml; path = Info.plist; sourceTree = "<group>"; };
		F5ACE25A21A5C32100B6DDF0 /* Player.m */ = {isa = PBXFileReference; lastKnownFileType = sourcecode.c.objc; path = Player.m; sourceTree = "<group>"; };
		F5ACE25C21A5C32F00B6DDF0 /* Player.h */ = {isa = PBXFileReference; lastKnownFileType = sourcecode.c.h; path = Player.h; sourceTree = "<group>"; };
		F5ACE25D21A5C67D00B6DDF0 /* GameEngine.m */ = {isa = PBXFileReference; lastKnownFileType = sourcecode.c.objc; path = GameEngine.m; sourceTree = "<group>"; };
		F5ACE25F21A5C68800B6DDF0 /* GameEngine.h */ = {isa = PBXFileReference; lastKnownFileType = sourcecode.c.h; path = GameEngine.h; sourceTree = "<group>"; };
		F5ACE26021A5CA4400B6DDF0 /* Tile.h */ = {isa = PBXFileReference; lastKnownFileType = sourcecode.c.h; path = Tile.h; sourceTree = "<group>"; };
		F5ACE26121A5CBB700B6DDF0 /* Tile.m */ = {isa = PBXFileReference; lastKnownFileType = sourcecode.c.objc; path = Tile.m; sourceTree = "<group>"; };
		F5ACE26321A5CE5F00B6DDF0 /* GameObject.h */ = {isa = PBXFileReference; lastKnownFileType = sourcecode.c.h; path = GameObject.h; sourceTree = "<group>"; };
		F5ACE26421A5CE6C00B6DDF0 /* GameObject.m */ = {isa = PBXFileReference; lastKnownFileType = sourcecode.c.objc; path = GameObject.m; sourceTree = "<group>"; };
		F5ACE26621A5CF7A00B6DDF0 /* Entity.h */ = {isa = PBXFileReference; lastKnownFileType = sourcecode.c.h; path = Entity.h; sourceTree = "<group>"; };
		F5ACE26721A5CF8400B6DDF0 /* Entity.m */ = {isa = PBXFileReference; lastKnownFileType = sourcecode.c.objc; path = Entity.m; sourceTree = "<group>"; };
		F5BA87E221C064CE0095CB4C /* Levels.h */ = {isa = PBXFileReference; lastKnownFileType = sourcecode.c.h; path = Levels.h; sourceTree = "<group>"; };
		F5BA87E321C065460095CB4C /* Levels.m */ = {isa = PBXFileReference; lastKnownFileType = sourcecode.c.objc; path = Levels.m; sourceTree = "<group>"; };
		F5BA87E621C06E150095CB4C /* level1.txt */ = {isa = PBXFileReference; fileEncoding = 4; lastKnownFileType = text; path = level1.txt; sourceTree = "<group>"; };
		F5BA87E821C0708B0095CB4C /* level2.txt */ = {isa = PBXFileReference; fileEncoding = 4; lastKnownFileType = text; name = level2.txt; path = "Dungeon Crawler/Levels/level2.txt"; sourceTree = SOURCE_ROOT; };
		F5BA87EA21C071050095CB4C /* level3.txt */ = {isa = PBXFileReference; fileEncoding = 4; lastKnownFileType = text; path = level3.txt; sourceTree = "<group>"; };
		F5C3232A21AD9B860067E5FB /* TileView.h */ = {isa = PBXFileReference; lastKnownFileType = sourcecode.c.h; path = TileView.h; sourceTree = "<group>"; };
		F5C3232B21AD9B9C0067E5FB /* TileView.m */ = {isa = PBXFileReference; lastKnownFileType = sourcecode.c.objc; path = TileView.m; sourceTree = "<group>"; };
		F5C3232D21AD9F230067E5FB /* Grid.h */ = {isa = PBXFileReference; lastKnownFileType = sourcecode.c.h; path = Grid.h; sourceTree = "<group>"; };
		F5C3232E21AD9F2C0067E5FB /* Grid.m */ = {isa = PBXFileReference; lastKnownFileType = sourcecode.c.objc; path = Grid.m; sourceTree = "<group>"; };
/* End PBXFileReference section */

/* Begin PBXFrameworksBuildPhase section */
		F5ACE22221A5BEF000B6DDF0 /* Frameworks */ = {
			isa = PBXFrameworksBuildPhase;
			buildActionMask = 2147483647;
			files = (
			);
			runOnlyForDeploymentPostprocessing = 0;
		};
		F5ACE23A21A5BEF100B6DDF0 /* Frameworks */ = {
			isa = PBXFrameworksBuildPhase;
			buildActionMask = 2147483647;
			files = (
			);
			runOnlyForDeploymentPostprocessing = 0;
		};
		F5ACE24521A5BEF100B6DDF0 /* Frameworks */ = {
			isa = PBXFrameworksBuildPhase;
			buildActionMask = 2147483647;
			files = (
			);
			runOnlyForDeploymentPostprocessing = 0;
		};
/* End PBXFrameworksBuildPhase section */

/* Begin PBXGroup section */
		C4CE7E4D21AFA55200D0D60A /* Images */ = {
			isa = PBXGroup;
			children = (
				C413E54021B03F1200CDA22D /* AButton_Sprite0.png */,
				C413E54121B03F1200CDA22D /* BButton_Sprite0.png */,
				C413E53821B031AF00CDA22D /* DownArrow_Sprite0.png */,
				C413E53A21B031AF00CDA22D /* LeftArrow_Sprite0.png */,
				C413E53B21B031AF00CDA22D /* RightArrow_Sprite0.png */,
				C413E53921B031AF00CDA22D /* UpArrow_Sprite0.png */,
				C413E53521B02E4F00CDA22D /* HealthPoint_Sprite0.png */,
				C413E53421B02E4F00CDA22D /* HealthPoint_Sprite1.png */,
				C4CE7E5021AFB04B00D0D60A /* Forest_Hedge0.png */,
				C4CE7E3D21AFA52E00D0D60A /* Forest_Hedge1.png */,
				C4CE7E3821AFA52D00D0D60A /* Forest_Hedge2.png */,
				C4CE7E3321AFA52C00D0D60A /* Forest_Hedge3.png */,
				C4CE7E3421AFA52D00D0D60A /* Forest_Pit0.png */,
				C4CE7E3221AFA52C00D0D60A /* Forest_Pit1.png */,
				C4CE7E3A21AFA52D00D0D60A /* Forest_Pit2.png */,
				C4CE7E3521AFA52D00D0D60A /* Forest_Tile0.png */,
				C4CE7E3621AFA52D00D0D60A /* Forest_Tile1.png */,
				C4CE7E3921AFA52D00D0D60A /* Forest_wall0.png */,
				C4CE7E3B21AFA52E00D0D60A /* Forest_wall1.png */,
				C4CE7E3721AFA52D00D0D60A /* Forest_wall2.png */,
				C4CE7E4E21AFB01400D0D60A /* Item_GoldBag.png */,
				C4CE7E3021AFA52C00D0D60A /* Player_Sprite0.png */,
				C4CE7E3C21AFA52E00D0D60A /* Slime_Enemy_Sprite0.png */,
			);
			path = Images;
			sourceTree = "<group>";
		};
		F5ACE21C21A5BEF000B6DDF0 = {
			isa = PBXGroup;
			children = (
				F5ACE22721A5BEF000B6DDF0 /* Dungeon Crawler */,
				F5ACE24021A5BEF100B6DDF0 /* Dungeon CrawlerTests */,
				F5ACE24B21A5BEF100B6DDF0 /* Dungeon CrawlerUITests */,
				F5ACE22621A5BEF000B6DDF0 /* Products */,
			);
			sourceTree = "<group>";
		};
		F5ACE22621A5BEF000B6DDF0 /* Products */ = {
			isa = PBXGroup;
			children = (
				F5ACE22521A5BEF000B6DDF0 /* Dungeon Crawler.app */,
				F5ACE23D21A5BEF100B6DDF0 /* Dungeon CrawlerTests.xctest */,
				F5ACE24821A5BEF100B6DDF0 /* Dungeon CrawlerUITests.xctest */,
			);
			name = Products;
			sourceTree = "<group>";
		};
		F5ACE22721A5BEF000B6DDF0 /* Dungeon Crawler */ = {
			isa = PBXGroup;
			children = (
				F5BA87E521C06DFB0095CB4C /* Levels */,
				F5ACE22821A5BEF000B6DDF0 /* AppDelegate.h */,
				F5ACE22921A5BEF000B6DDF0 /* AppDelegate.m */,
				F5ACE22B21A5BEF000B6DDF0 /* GameViewController.h */,
				F5ACE22C21A5BEF000B6DDF0 /* GameViewController.m */,
				F5ACE22E21A5BEF000B6DDF0 /* Main.storyboard */,
				F5ACE23121A5BEF100B6DDF0 /* Assets.xcassets */,
				F5ACE23321A5BEF100B6DDF0 /* LaunchScreen.storyboard */,
				F5ACE23621A5BEF100B6DDF0 /* Info.plist */,
				F5ACE23721A5BEF100B6DDF0 /* main.m */,
				F5ACE25C21A5C32F00B6DDF0 /* Player.h */,
				F5ACE25A21A5C32100B6DDF0 /* Player.m */,
				F5ACE25F21A5C68800B6DDF0 /* GameEngine.h */,
				F5ACE25D21A5C67D00B6DDF0 /* GameEngine.m */,
				F5ACE26021A5CA4400B6DDF0 /* Tile.h */,
				F5ACE26121A5CBB700B6DDF0 /* Tile.m */,
				F5ACE26321A5CE5F00B6DDF0 /* GameObject.h */,
				F5ACE26421A5CE6C00B6DDF0 /* GameObject.m */,
				C4CE7E4D21AFA55200D0D60A /* Images */,
				F5ACE26621A5CF7A00B6DDF0 /* Entity.h */,
				F5ACE26721A5CF8400B6DDF0 /* Entity.m */,
				F54D5F5421A70F4D009563C1 /* Enemy.h */,
				F54D5F5521A70F5E009563C1 /* Enemy.m */,
				F5C3232A21AD9B860067E5FB /* TileView.h */,
				F5C3232B21AD9B9C0067E5FB /* TileView.m */,
				F5C3232D21AD9F230067E5FB /* Grid.h */,
				F5C3232E21AD9F2C0067E5FB /* Grid.m */,
				F5A7543821AEFFB500CBA93C /* Ability.h */,
				F5A7543921AEFFC800CBA93C /* Ability.m */,
				F5BA87E221C064CE0095CB4C /* Levels.h */,
				F5BA87E321C065460095CB4C /* Levels.m */,
			);
			path = "Dungeon Crawler";
			sourceTree = "<group>";
		};
		F5ACE24021A5BEF100B6DDF0 /* Dungeon CrawlerTests */ = {
			isa = PBXGroup;
			children = (
				F5ACE24121A5BEF100B6DDF0 /* Dungeon_CrawlerTests.m */,
				F5ACE24321A5BEF100B6DDF0 /* Info.plist */,
			);
			path = "Dungeon CrawlerTests";
			sourceTree = "<group>";
		};
		F5ACE24B21A5BEF100B6DDF0 /* Dungeon CrawlerUITests */ = {
			isa = PBXGroup;
			children = (
				F5ACE24C21A5BEF100B6DDF0 /* Dungeon_CrawlerUITests.m */,
				F5ACE24E21A5BEF100B6DDF0 /* Info.plist */,
			);
			path = "Dungeon CrawlerUITests";
			sourceTree = "<group>";
		};
		F5BA87E521C06DFB0095CB4C /* Levels */ = {
			isa = PBXGroup;
			children = (
				F5BA87E621C06E150095CB4C /* level1.txt */,
				F5BA87E821C0708B0095CB4C /* level2.txt */,
				F5BA87EA21C071050095CB4C /* level3.txt */,
			);
			name = Levels;
			path = "New Group";
			sourceTree = "<group>";
		};
/* End PBXGroup section */

/* Begin PBXNativeTarget section */
		F5ACE22421A5BEF000B6DDF0 /* Dungeon Crawler */ = {
			isa = PBXNativeTarget;
			buildConfigurationList = F5ACE25121A5BEF100B6DDF0 /* Build configuration list for PBXNativeTarget "Dungeon Crawler" */;
			buildPhases = (
				F5ACE22121A5BEF000B6DDF0 /* Sources */,
				F5ACE22221A5BEF000B6DDF0 /* Frameworks */,
				F5ACE22321A5BEF000B6DDF0 /* Resources */,
			);
			buildRules = (
			);
			dependencies = (
			);
			name = "Dungeon Crawler";
			productName = "Dungeon Crawler";
			productReference = F5ACE22521A5BEF000B6DDF0 /* Dungeon Crawler.app */;
			productType = "com.apple.product-type.application";
		};
		F5ACE23C21A5BEF100B6DDF0 /* Dungeon CrawlerTests */ = {
			isa = PBXNativeTarget;
			buildConfigurationList = F5ACE25421A5BEF100B6DDF0 /* Build configuration list for PBXNativeTarget "Dungeon CrawlerTests" */;
			buildPhases = (
				F5ACE23921A5BEF100B6DDF0 /* Sources */,
				F5ACE23A21A5BEF100B6DDF0 /* Frameworks */,
				F5ACE23B21A5BEF100B6DDF0 /* Resources */,
			);
			buildRules = (
			);
			dependencies = (
				F5ACE23F21A5BEF100B6DDF0 /* PBXTargetDependency */,
			);
			name = "Dungeon CrawlerTests";
			productName = "Dungeon CrawlerTests";
			productReference = F5ACE23D21A5BEF100B6DDF0 /* Dungeon CrawlerTests.xctest */;
			productType = "com.apple.product-type.bundle.unit-test";
		};
		F5ACE24721A5BEF100B6DDF0 /* Dungeon CrawlerUITests */ = {
			isa = PBXNativeTarget;
			buildConfigurationList = F5ACE25721A5BEF100B6DDF0 /* Build configuration list for PBXNativeTarget "Dungeon CrawlerUITests" */;
			buildPhases = (
				F5ACE24421A5BEF100B6DDF0 /* Sources */,
				F5ACE24521A5BEF100B6DDF0 /* Frameworks */,
				F5ACE24621A5BEF100B6DDF0 /* Resources */,
			);
			buildRules = (
			);
			dependencies = (
				F5ACE24A21A5BEF100B6DDF0 /* PBXTargetDependency */,
			);
			name = "Dungeon CrawlerUITests";
			productName = "Dungeon CrawlerUITests";
			productReference = F5ACE24821A5BEF100B6DDF0 /* Dungeon CrawlerUITests.xctest */;
			productType = "com.apple.product-type.bundle.ui-testing";
		};
/* End PBXNativeTarget section */

/* Begin PBXProject section */
		F5ACE21D21A5BEF000B6DDF0 /* Project object */ = {
			isa = PBXProject;
			attributes = {
				LastUpgradeCheck = 1000;
				ORGANIZATIONNAME = George;
				TargetAttributes = {
					F5ACE22421A5BEF000B6DDF0 = {
						CreatedOnToolsVersion = 10.0;
					};
					F5ACE23C21A5BEF100B6DDF0 = {
						CreatedOnToolsVersion = 10.0;
						TestTargetID = F5ACE22421A5BEF000B6DDF0;
					};
					F5ACE24721A5BEF100B6DDF0 = {
						CreatedOnToolsVersion = 10.0;
						TestTargetID = F5ACE22421A5BEF000B6DDF0;
					};
				};
			};
			buildConfigurationList = F5ACE22021A5BEF000B6DDF0 /* Build configuration list for PBXProject "Dungeon Crawler" */;
			compatibilityVersion = "Xcode 9.3";
			developmentRegion = en;
			hasScannedForEncodings = 0;
			knownRegions = (
				en,
				Base,
			);
			mainGroup = F5ACE21C21A5BEF000B6DDF0;
			productRefGroup = F5ACE22621A5BEF000B6DDF0 /* Products */;
			projectDirPath = "";
			projectRoot = "";
			targets = (
				F5ACE22421A5BEF000B6DDF0 /* Dungeon Crawler */,
				F5ACE23C21A5BEF100B6DDF0 /* Dungeon CrawlerTests */,
				F5ACE24721A5BEF100B6DDF0 /* Dungeon CrawlerUITests */,
			);
		};
/* End PBXProject section */

/* Begin PBXResourcesBuildPhase section */
		F5ACE22321A5BEF000B6DDF0 /* Resources */ = {
			isa = PBXResourcesBuildPhase;
			buildActionMask = 2147483647;
			files = (
				C4CE7E4021AFA52E00D0D60A /* Forest_Pit1.png in Resources */,
				C4CE7E4B21AFA52E00D0D60A /* Forest_Hedge1.png in Resources */,
				C413E54321B03F1200CDA22D /* BButton_Sprite0.png in Resources */,
				F5BA87E721C06E150095CB4C /* level1.txt in Resources */,
				C4CE7E4621AFA52E00D0D60A /* Forest_Hedge2.png in Resources */,
				C4CE7E4221AFA52E00D0D60A /* Forest_Pit0.png in Resources */,
				C413E53C21B031AF00CDA22D /* DownArrow_Sprite0.png in Resources */,
				C4CE7E4121AFA52E00D0D60A /* Forest_Hedge3.png in Resources */,
				C4CE7E3E21AFA52E00D0D60A /* Player_Sprite0.png in Resources */,
				C413E53E21B031AF00CDA22D /* LeftArrow_Sprite0.png in Resources */,
				C413E53F21B031AF00CDA22D /* RightArrow_Sprite0.png in Resources */,
				C413E53621B02E4F00CDA22D /* HealthPoint_Sprite1.png in Resources */,
				C413E53D21B031AF00CDA22D /* UpArrow_Sprite0.png in Resources */,
				C4CE7E4321AFA52E00D0D60A /* Forest_Tile0.png in Resources */,
				C413E54221B03F1200CDA22D /* AButton_Sprite0.png in Resources */,
				C413E53721B02E4F00CDA22D /* HealthPoint_Sprite0.png in Resources */,
				F5ACE23521A5BEF100B6DDF0 /* LaunchScreen.storyboard in Resources */,
				C4CE7E4A21AFA52E00D0D60A /* Slime_Enemy_Sprite0.png in Resources */,
				C4CE7E4921AFA52E00D0D60A /* Forest_wall1.png in Resources */,
				C4CE7E4821AFA52E00D0D60A /* Forest_Pit2.png in Resources */,
				C4CE7E4421AFA52E00D0D60A /* Forest_Tile1.png in Resources */,
				F5BA87EB21C071050095CB4C /* level3.txt in Resources */,
				F5ACE23221A5BEF100B6DDF0 /* Assets.xcassets in Resources */,
				F5BA87E921C0708B0095CB4C /* level2.txt in Resources */,
				F5ACE23021A5BEF000B6DDF0 /* Main.storyboard in Resources */,
				C4CE7E4721AFA52E00D0D60A /* Forest_wall0.png in Resources */,
				C4CE7E4F21AFB01400D0D60A /* Item_GoldBag.png in Resources */,
				C4CE7E4521AFA52E00D0D60A /* Forest_wall2.png in Resources */,
				C4CE7E5121AFB04B00D0D60A /* Forest_Hedge0.png in Resources */,
			);
			runOnlyForDeploymentPostprocessing = 0;
		};
		F5ACE23B21A5BEF100B6DDF0 /* Resources */ = {
			isa = PBXResourcesBuildPhase;
			buildActionMask = 2147483647;
			files = (
			);
			runOnlyForDeploymentPostprocessing = 0;
		};
		F5ACE24621A5BEF100B6DDF0 /* Resources */ = {
			isa = PBXResourcesBuildPhase;
			buildActionMask = 2147483647;
			files = (
			);
			runOnlyForDeploymentPostprocessing = 0;
		};
/* End PBXResourcesBuildPhase section */

/* Begin PBXSourcesBuildPhase section */
		F5ACE22121A5BEF000B6DDF0 /* Sources */ = {
			isa = PBXSourcesBuildPhase;
			buildActionMask = 2147483647;
			files = (
				F54D5F5621A70F5E009563C1 /* Enemy.m in Sources */,
				F5ACE26821A5CF8400B6DDF0 /* Entity.m in Sources */,
				F5BA87E421C065460095CB4C /* Levels.m in Sources */,
				F5C3232F21AD9F2C0067E5FB /* Grid.m in Sources */,
				F5C3232C21AD9B9C0067E5FB /* TileView.m in Sources */,
				F5ACE25B21A5C32100B6DDF0 /* Player.m in Sources */,
				F5ACE26521A5CE6C00B6DDF0 /* GameObject.m in Sources */,
				F5A7543A21AEFFC800CBA93C /* Ability.m in Sources */,
				F5ACE26221A5CBB700B6DDF0 /* Tile.m in Sources */,
				F5ACE22D21A5BEF000B6DDF0 /* GameViewController.m in Sources */,
				F5ACE23821A5BEF100B6DDF0 /* main.m in Sources */,
				F5ACE25E21A5C67D00B6DDF0 /* GameEngine.m in Sources */,
				F5ACE22A21A5BEF000B6DDF0 /* AppDelegate.m in Sources */,
			);
			runOnlyForDeploymentPostprocessing = 0;
		};
		F5ACE23921A5BEF100B6DDF0 /* Sources */ = {
			isa = PBXSourcesBuildPhase;
			buildActionMask = 2147483647;
			files = (
				F5ACE24221A5BEF100B6DDF0 /* Dungeon_CrawlerTests.m in Sources */,
			);
			runOnlyForDeploymentPostprocessing = 0;
		};
		F5ACE24421A5BEF100B6DDF0 /* Sources */ = {
			isa = PBXSourcesBuildPhase;
			buildActionMask = 2147483647;
			files = (
				F5ACE24D21A5BEF100B6DDF0 /* Dungeon_CrawlerUITests.m in Sources */,
			);
			runOnlyForDeploymentPostprocessing = 0;
		};
/* End PBXSourcesBuildPhase section */

/* Begin PBXTargetDependency section */
		F5ACE23F21A5BEF100B6DDF0 /* PBXTargetDependency */ = {
			isa = PBXTargetDependency;
			target = F5ACE22421A5BEF000B6DDF0 /* Dungeon Crawler */;
			targetProxy = F5ACE23E21A5BEF100B6DDF0 /* PBXContainerItemProxy */;
		};
		F5ACE24A21A5BEF100B6DDF0 /* PBXTargetDependency */ = {
			isa = PBXTargetDependency;
			target = F5ACE22421A5BEF000B6DDF0 /* Dungeon Crawler */;
			targetProxy = F5ACE24921A5BEF100B6DDF0 /* PBXContainerItemProxy */;
		};
/* End PBXTargetDependency section */

/* Begin PBXVariantGroup section */
		F5ACE22E21A5BEF000B6DDF0 /* Main.storyboard */ = {
			isa = PBXVariantGroup;
			children = (
				F5ACE22F21A5BEF000B6DDF0 /* Base */,
			);
			name = Main.storyboard;
			sourceTree = "<group>";
		};
		F5ACE23321A5BEF100B6DDF0 /* LaunchScreen.storyboard */ = {
			isa = PBXVariantGroup;
			children = (
				F5ACE23421A5BEF100B6DDF0 /* Base */,
			);
			name = LaunchScreen.storyboard;
			sourceTree = "<group>";
		};
/* End PBXVariantGroup section */

/* Begin XCBuildConfiguration section */
		F5ACE24F21A5BEF100B6DDF0 /* Debug */ = {
			isa = XCBuildConfiguration;
			buildSettings = {
				ALWAYS_SEARCH_USER_PATHS = NO;
				CLANG_ANALYZER_NONNULL = YES;
				CLANG_ANALYZER_NUMBER_OBJECT_CONVERSION = YES_AGGRESSIVE;
				CLANG_CXX_LANGUAGE_STANDARD = "gnu++14";
				CLANG_CXX_LIBRARY = "libc++";
				CLANG_ENABLE_MODULES = YES;
				CLANG_ENABLE_OBJC_ARC = YES;
				CLANG_ENABLE_OBJC_WEAK = YES;
				CLANG_WARN_BLOCK_CAPTURE_AUTORELEASING = YES;
				CLANG_WARN_BOOL_CONVERSION = YES;
				CLANG_WARN_COMMA = YES;
				CLANG_WARN_CONSTANT_CONVERSION = YES;
				CLANG_WARN_DEPRECATED_OBJC_IMPLEMENTATIONS = YES;
				CLANG_WARN_DIRECT_OBJC_ISA_USAGE = YES_ERROR;
				CLANG_WARN_DOCUMENTATION_COMMENTS = YES;
				CLANG_WARN_EMPTY_BODY = YES;
				CLANG_WARN_ENUM_CONVERSION = YES;
				CLANG_WARN_INFINITE_RECURSION = YES;
				CLANG_WARN_INT_CONVERSION = YES;
				CLANG_WARN_NON_LITERAL_NULL_CONVERSION = YES;
				CLANG_WARN_OBJC_IMPLICIT_RETAIN_SELF = YES;
				CLANG_WARN_OBJC_LITERAL_CONVERSION = YES;
				CLANG_WARN_OBJC_ROOT_CLASS = YES_ERROR;
				CLANG_WARN_RANGE_LOOP_ANALYSIS = YES;
				CLANG_WARN_STRICT_PROTOTYPES = YES;
				CLANG_WARN_SUSPICIOUS_MOVE = YES;
				CLANG_WARN_UNGUARDED_AVAILABILITY = YES_AGGRESSIVE;
				CLANG_WARN_UNREACHABLE_CODE = YES;
				CLANG_WARN__DUPLICATE_METHOD_MATCH = YES;
				CODE_SIGN_IDENTITY = "iPhone Developer";
				COPY_PHASE_STRIP = NO;
				DEBUG_INFORMATION_FORMAT = dwarf;
				ENABLE_STRICT_OBJC_MSGSEND = YES;
				ENABLE_TESTABILITY = YES;
				GCC_C_LANGUAGE_STANDARD = gnu11;
				GCC_DYNAMIC_NO_PIC = NO;
				GCC_NO_COMMON_BLOCKS = YES;
				GCC_OPTIMIZATION_LEVEL = 0;
				GCC_PREPROCESSOR_DEFINITIONS = (
					"DEBUG=1",
					"$(inherited)",
				);
				GCC_WARN_64_TO_32_BIT_CONVERSION = YES;
				GCC_WARN_ABOUT_RETURN_TYPE = YES_ERROR;
				GCC_WARN_UNDECLARED_SELECTOR = YES;
				GCC_WARN_UNINITIALIZED_AUTOS = YES_AGGRESSIVE;
				GCC_WARN_UNUSED_FUNCTION = YES;
				GCC_WARN_UNUSED_VARIABLE = YES;
				IPHONEOS_DEPLOYMENT_TARGET = 12.0;
				MTL_ENABLE_DEBUG_INFO = INCLUDE_SOURCE;
				MTL_FAST_MATH = YES;
				ONLY_ACTIVE_ARCH = YES;
				SDKROOT = iphoneos;
			};
			name = Debug;
		};
		F5ACE25021A5BEF100B6DDF0 /* Release */ = {
			isa = XCBuildConfiguration;
			buildSettings = {
				ALWAYS_SEARCH_USER_PATHS = NO;
				CLANG_ANALYZER_NONNULL = YES;
				CLANG_ANALYZER_NUMBER_OBJECT_CONVERSION = YES_AGGRESSIVE;
				CLANG_CXX_LANGUAGE_STANDARD = "gnu++14";
				CLANG_CXX_LIBRARY = "libc++";
				CLANG_ENABLE_MODULES = YES;
				CLANG_ENABLE_OBJC_ARC = YES;
				CLANG_ENABLE_OBJC_WEAK = YES;
				CLANG_WARN_BLOCK_CAPTURE_AUTORELEASING = YES;
				CLANG_WARN_BOOL_CONVERSION = YES;
				CLANG_WARN_COMMA = YES;
				CLANG_WARN_CONSTANT_CONVERSION = YES;
				CLANG_WARN_DEPRECATED_OBJC_IMPLEMENTATIONS = YES;
				CLANG_WARN_DIRECT_OBJC_ISA_USAGE = YES_ERROR;
				CLANG_WARN_DOCUMENTATION_COMMENTS = YES;
				CLANG_WARN_EMPTY_BODY = YES;
				CLANG_WARN_ENUM_CONVERSION = YES;
				CLANG_WARN_INFINITE_RECURSION = YES;
				CLANG_WARN_INT_CONVERSION = YES;
				CLANG_WARN_NON_LITERAL_NULL_CONVERSION = YES;
				CLANG_WARN_OBJC_IMPLICIT_RETAIN_SELF = YES;
				CLANG_WARN_OBJC_LITERAL_CONVERSION = YES;
				CLANG_WARN_OBJC_ROOT_CLASS = YES_ERROR;
				CLANG_WARN_RANGE_LOOP_ANALYSIS = YES;
				CLANG_WARN_STRICT_PROTOTYPES = YES;
				CLANG_WARN_SUSPICIOUS_MOVE = YES;
				CLANG_WARN_UNGUARDED_AVAILABILITY = YES_AGGRESSIVE;
				CLANG_WARN_UNREACHABLE_CODE = YES;
				CLANG_WARN__DUPLICATE_METHOD_MATCH = YES;
				CODE_SIGN_IDENTITY = "iPhone Developer";
				COPY_PHASE_STRIP = NO;
				DEBUG_INFORMATION_FORMAT = "dwarf-with-dsym";
				ENABLE_NS_ASSERTIONS = NO;
				ENABLE_STRICT_OBJC_MSGSEND = YES;
				GCC_C_LANGUAGE_STANDARD = gnu11;
				GCC_NO_COMMON_BLOCKS = YES;
				GCC_WARN_64_TO_32_BIT_CONVERSION = YES;
				GCC_WARN_ABOUT_RETURN_TYPE = YES_ERROR;
				GCC_WARN_UNDECLARED_SELECTOR = YES;
				GCC_WARN_UNINITIALIZED_AUTOS = YES_AGGRESSIVE;
				GCC_WARN_UNUSED_FUNCTION = YES;
				GCC_WARN_UNUSED_VARIABLE = YES;
				IPHONEOS_DEPLOYMENT_TARGET = 12.0;
				MTL_ENABLE_DEBUG_INFO = NO;
				MTL_FAST_MATH = YES;
				SDKROOT = iphoneos;
				VALIDATE_PRODUCT = YES;
			};
			name = Release;
		};
		F5ACE25221A5BEF100B6DDF0 /* Debug */ = {
			isa = XCBuildConfiguration;
			buildSettings = {
				ASSETCATALOG_COMPILER_APPICON_NAME = AppIcon;
				CODE_SIGN_STYLE = Automatic;
				DEVELOPMENT_TEAM = 2SQGQLFMHK;
				INFOPLIST_FILE = "Dungeon Crawler/Info.plist";
				IPHONEOS_DEPLOYMENT_TARGET = 11.4;
				LD_RUNPATH_SEARCH_PATHS = (
					"$(inherited)",
					"@executable_path/Frameworks",
				);
				PRODUCT_BUNDLE_IDENTIFIER = "george4768.Dungeon-Crawler";
				PRODUCT_NAME = "$(TARGET_NAME)";
				TARGETED_DEVICE_FAMILY = "1,2";
			};
			name = Debug;
		};
		F5ACE25321A5BEF100B6DDF0 /* Release */ = {
			isa = XCBuildConfiguration;
			buildSettings = {
				ASSETCATALOG_COMPILER_APPICON_NAME = AppIcon;
				CODE_SIGN_STYLE = Automatic;
				DEVELOPMENT_TEAM = 2SQGQLFMHK;
				INFOPLIST_FILE = "Dungeon Crawler/Info.plist";
				IPHONEOS_DEPLOYMENT_TARGET = 11.4;
				LD_RUNPATH_SEARCH_PATHS = (
					"$(inherited)",
					"@executable_path/Frameworks",
				);
				PRODUCT_BUNDLE_IDENTIFIER = "george4768.Dungeon-Crawler";
				PRODUCT_NAME = "$(TARGET_NAME)";
				TARGETED_DEVICE_FAMILY = "1,2";
			};
			name = Release;
		};
		F5ACE25521A5BEF100B6DDF0 /* Debug */ = {
			isa = XCBuildConfiguration;
			buildSettings = {
				BUNDLE_LOADER = "$(TEST_HOST)";
				CODE_SIGN_STYLE = Automatic;
				INFOPLIST_FILE = "Dungeon CrawlerTests/Info.plist";
				LD_RUNPATH_SEARCH_PATHS = (
					"$(inherited)",
					"@executable_path/Frameworks",
					"@loader_path/Frameworks",
				);
				PRODUCT_BUNDLE_IDENTIFIER = "george4768.Dungeon-CrawlerTests";
				PRODUCT_NAME = "$(TARGET_NAME)";
				TARGETED_DEVICE_FAMILY = "1,2";
				TEST_HOST = "$(BUILT_PRODUCTS_DIR)/Dungeon Crawler.app/Dungeon Crawler";
			};
			name = Debug;
		};
		F5ACE25621A5BEF100B6DDF0 /* Release */ = {
			isa = XCBuildConfiguration;
			buildSettings = {
				BUNDLE_LOADER = "$(TEST_HOST)";
				CODE_SIGN_STYLE = Automatic;
				INFOPLIST_FILE = "Dungeon CrawlerTests/Info.plist";
				LD_RUNPATH_SEARCH_PATHS = (
					"$(inherited)",
					"@executable_path/Frameworks",
					"@loader_path/Frameworks",
				);
				PRODUCT_BUNDLE_IDENTIFIER = "george4768.Dungeon-CrawlerTests";
				PRODUCT_NAME = "$(TARGET_NAME)";
				TARGETED_DEVICE_FAMILY = "1,2";
				TEST_HOST = "$(BUILT_PRODUCTS_DIR)/Dungeon Crawler.app/Dungeon Crawler";
			};
			name = Release;
		};
		F5ACE25821A5BEF100B6DDF0 /* Debug */ = {
			isa = XCBuildConfiguration;
			buildSettings = {
				CODE_SIGN_STYLE = Automatic;
				INFOPLIST_FILE = "Dungeon CrawlerUITests/Info.plist";
				LD_RUNPATH_SEARCH_PATHS = (
					"$(inherited)",
					"@executable_path/Frameworks",
					"@loader_path/Frameworks",
				);
				PRODUCT_BUNDLE_IDENTIFIER = "george4768.Dungeon-CrawlerUITests";
				PRODUCT_NAME = "$(TARGET_NAME)";
				TARGETED_DEVICE_FAMILY = "1,2";
				TEST_TARGET_NAME = "Dungeon Crawler";
			};
			name = Debug;
		};
		F5ACE25921A5BEF100B6DDF0 /* Release */ = {
			isa = XCBuildConfiguration;
			buildSettings = {
				CODE_SIGN_STYLE = Automatic;
				INFOPLIST_FILE = "Dungeon CrawlerUITests/Info.plist";
				LD_RUNPATH_SEARCH_PATHS = (
					"$(inherited)",
					"@executable_path/Frameworks",
					"@loader_path/Frameworks",
				);
				PRODUCT_BUNDLE_IDENTIFIER = "george4768.Dungeon-CrawlerUITests";
				PRODUCT_NAME = "$(TARGET_NAME)";
				TARGETED_DEVICE_FAMILY = "1,2";
				TEST_TARGET_NAME = "Dungeon Crawler";
			};
			name = Release;
		};
/* End XCBuildConfiguration section */

/* Begin XCConfigurationList section */
		F5ACE22021A5BEF000B6DDF0 /* Build configuration list for PBXProject "Dungeon Crawler" */ = {
			isa = XCConfigurationList;
			buildConfigurations = (
				F5ACE24F21A5BEF100B6DDF0 /* Debug */,
				F5ACE25021A5BEF100B6DDF0 /* Release */,
			);
			defaultConfigurationIsVisible = 0;
			defaultConfigurationName = Release;
		};
		F5ACE25121A5BEF100B6DDF0 /* Build configuration list for PBXNativeTarget "Dungeon Crawler" */ = {
			isa = XCConfigurationList;
			buildConfigurations = (
				F5ACE25221A5BEF100B6DDF0 /* Debug */,
				F5ACE25321A5BEF100B6DDF0 /* Release */,
			);
			defaultConfigurationIsVisible = 0;
			defaultConfigurationName = Release;
		};
		F5ACE25421A5BEF100B6DDF0 /* Build configuration list for PBXNativeTarget "Dungeon CrawlerTests" */ = {
			isa = XCConfigurationList;
			buildConfigurations = (
				F5ACE25521A5BEF100B6DDF0 /* Debug */,
				F5ACE25621A5BEF100B6DDF0 /* Release */,
			);
			defaultConfigurationIsVisible = 0;
			defaultConfigurationName = Release;
		};
		F5ACE25721A5BEF100B6DDF0 /* Build configuration list for PBXNativeTarget "Dungeon CrawlerUITests" */ = {
			isa = XCConfigurationList;
			buildConfigurations = (
				F5ACE25821A5BEF100B6DDF0 /* Debug */,
				F5ACE25921A5BEF100B6DDF0 /* Release */,
			);
			defaultConfigurationIsVisible = 0;
			defaultConfigurationName = Release;
		};
/* End XCConfigurationList section */
	};
	rootObject = F5ACE21D21A5BEF000B6DDF0 /* Project object */;
}
